// !$*UTF8*$!
{
	archiveVersion = 1;
	classes = {
	};
	objectVersion = 56;
	objects = {

/* Begin PBXBuildFile section */
		F44985402B401AC300E90AE5 /* SwiftNewsApp.swift in Sources */ = {isa = PBXBuildFile; fileRef = F449853F2B401AC300E90AE5 /* SwiftNewsApp.swift */; };
		F44985442B401AC500E90AE5 /* Assets.xcassets in Resources */ = {isa = PBXBuildFile; fileRef = F44985432B401AC500E90AE5 /* Assets.xcassets */; };
		F44985472B401AC500E90AE5 /* Preview Assets.xcassets in Resources */ = {isa = PBXBuildFile; fileRef = F44985462B401AC500E90AE5 /* Preview Assets.xcassets */; };
		F449854F2B401B0C00E90AE5 /* UserModel.swift in Sources */ = {isa = PBXBuildFile; fileRef = F449854E2B401B0C00E90AE5 /* UserModel.swift */; };
		F44985512B401B5900E90AE5 /* ConfigModel.swift in Sources */ = {isa = PBXBuildFile; fileRef = F44985502B401B5900E90AE5 /* ConfigModel.swift */; };
		F44985532B401B9700E90AE5 /* NewsModel.swift in Sources */ = {isa = PBXBuildFile; fileRef = F44985522B401B9700E90AE5 /* NewsModel.swift */; };
		F44985562B401C6000E90AE5 /* SplashView.swift in Sources */ = {isa = PBXBuildFile; fileRef = F44985552B401C6000E90AE5 /* SplashView.swift */; };
		F44985592B401D7000E90AE5 /* UserSchema.swift in Sources */ = {isa = PBXBuildFile; fileRef = F44985582B401D7000E90AE5 /* UserSchema.swift */; };
		F449855B2B401DC400E90AE5 /* APIManager.swift in Sources */ = {isa = PBXBuildFile; fileRef = F449855A2B401DC400E90AE5 /* APIManager.swift */; };
		F449855D2B401F2200E90AE5 /* ConfigSchema.swift in Sources */ = {isa = PBXBuildFile; fileRef = F449855C2B401F2200E90AE5 /* ConfigSchema.swift */; };
		F449855F2B401F6A00E90AE5 /* NewsSchema.swift in Sources */ = {isa = PBXBuildFile; fileRef = F449855E2B401F6A00E90AE5 /* NewsSchema.swift */; };
		F44985612B401FB700E90AE5 /* NewsPostSchema.swift in Sources */ = {isa = PBXBuildFile; fileRef = F44985602B401FB700E90AE5 /* NewsPostSchema.swift */; };
		F44985632B40339100E90AE5 /* NewsView.swift in Sources */ = {isa = PBXBuildFile; fileRef = F44985622B40339100E90AE5 /* NewsView.swift */; };
		F44985652B403A9700E90AE5 /* ProfileView.swift in Sources */ = {isa = PBXBuildFile; fileRef = F44985642B403A9700E90AE5 /* ProfileView.swift */; };
		F44985672B40459300E90AE5 /* SavedView.swift in Sources */ = {isa = PBXBuildFile; fileRef = F44985662B40459300E90AE5 /* SavedView.swift */; };
		F44985692B4045D400E90AE5 /* SingleNewsView.swift in Sources */ = {isa = PBXBuildFile; fileRef = F44985682B4045D400E90AE5 /* SingleNewsView.swift */; };
		F449856B2B40480500E90AE5 /* CodeView.swift in Sources */ = {isa = PBXBuildFile; fileRef = F449856A2B40480500E90AE5 /* CodeView.swift */; };
		F449856D2B40484300E90AE5 /* CodeSchema.swift in Sources */ = {isa = PBXBuildFile; fileRef = F449856C2B40484300E90AE5 /* CodeSchema.swift */; };
		F449856F2B40489700E90AE5 /* MessageView.swift in Sources */ = {isa = PBXBuildFile; fileRef = F449856E2B40489700E90AE5 /* MessageView.swift */; };
		F44985712B4048BF00E90AE5 /* MessagePostSchema.swift in Sources */ = {isa = PBXBuildFile; fileRef = F44985702B4048BF00E90AE5 /* MessagePostSchema.swift */; };
		F44985732B4064D400E90AE5 /* PreferencesView.swift in Sources */ = {isa = PBXBuildFile; fileRef = F44985722B4064D400E90AE5 /* PreferencesView.swift */; };
		F44985752B4064FE00E90AE5 /* CategorySchema.swift in Sources */ = {isa = PBXBuildFile; fileRef = F44985742B4064FE00E90AE5 /* CategorySchema.swift */; };
		F476EA282B4A0849003CD2F4 /* SharedNewsView.swift in Sources */ = {isa = PBXBuildFile; fileRef = F476EA272B4A0849003CD2F4 /* SharedNewsView.swift */; };
		F48DF1E92B458F1D0058F17B /* SharedPostSchema.swift in Sources */ = {isa = PBXBuildFile; fileRef = F48DF1E82B458F1D0058F17B /* SharedPostSchema.swift */; };
		F4A8A1762B442ED900C747F2 /* MessageModel.swift in Sources */ = {isa = PBXBuildFile; fileRef = F4A8A1752B442ED900C747F2 /* MessageModel.swift */; };
		F4A8A1782B44325F00C747F2 /* MessageSchema.swift in Sources */ = {isa = PBXBuildFile; fileRef = F4A8A1772B44325F00C747F2 /* MessageSchema.swift */; };
		F4BD39062B44A9F000EDBEAE /* ScannerView.swift in Sources */ = {isa = PBXBuildFile; fileRef = F4BD39052B44A9F000EDBEAE /* ScannerView.swift */; };
/* End PBXBuildFile section */

/* Begin PBXFileReference section */
		F449853C2B401AC300E90AE5 /* SwiftNews.app */ = {isa = PBXFileReference; explicitFileType = wrapper.application; includeInIndex = 0; path = SwiftNews.app; sourceTree = BUILT_PRODUCTS_DIR; };
		F449853F2B401AC300E90AE5 /* SwiftNewsApp.swift */ = {isa = PBXFileReference; lastKnownFileType = sourcecode.swift; path = SwiftNewsApp.swift; sourceTree = "<group>"; };
		F44985432B401AC500E90AE5 /* Assets.xcassets */ = {isa = PBXFileReference; lastKnownFileType = folder.assetcatalog; path = Assets.xcassets; sourceTree = "<group>"; };
		F44985462B401AC500E90AE5 /* Preview Assets.xcassets */ = {isa = PBXFileReference; lastKnownFileType = folder.assetcatalog; path = "Preview Assets.xcassets"; sourceTree = "<group>"; };
		F449854E2B401B0C00E90AE5 /* UserModel.swift */ = {isa = PBXFileReference; lastKnownFileType = sourcecode.swift; path = UserModel.swift; sourceTree = "<group>"; };
		F44985502B401B5900E90AE5 /* ConfigModel.swift */ = {isa = PBXFileReference; lastKnownFileType = sourcecode.swift; path = ConfigModel.swift; sourceTree = "<group>"; };
		F44985522B401B9700E90AE5 /* NewsModel.swift */ = {isa = PBXFileReference; lastKnownFileType = sourcecode.swift; path = NewsModel.swift; sourceTree = "<group>"; };
		F44985552B401C6000E90AE5 /* SplashView.swift */ = {isa = PBXFileReference; lastKnownFileType = sourcecode.swift; path = SplashView.swift; sourceTree = "<group>"; };
		F44985582B401D7000E90AE5 /* UserSchema.swift */ = {isa = PBXFileReference; lastKnownFileType = sourcecode.swift; path = UserSchema.swift; sourceTree = "<group>"; };
		F449855A2B401DC400E90AE5 /* APIManager.swift */ = {isa = PBXFileReference; lastKnownFileType = sourcecode.swift; path = APIManager.swift; sourceTree = "<group>"; };
		F449855C2B401F2200E90AE5 /* ConfigSchema.swift */ = {isa = PBXFileReference; lastKnownFileType = sourcecode.swift; path = ConfigSchema.swift; sourceTree = "<group>"; };
		F449855E2B401F6A00E90AE5 /* NewsSchema.swift */ = {isa = PBXFileReference; lastKnownFileType = sourcecode.swift; path = NewsSchema.swift; sourceTree = "<group>"; };
		F44985602B401FB700E90AE5 /* NewsPostSchema.swift */ = {isa = PBXFileReference; lastKnownFileType = sourcecode.swift; path = NewsPostSchema.swift; sourceTree = "<group>"; };
		F44985622B40339100E90AE5 /* NewsView.swift */ = {isa = PBXFileReference; lastKnownFileType = sourcecode.swift; path = NewsView.swift; sourceTree = "<group>"; };
		F44985642B403A9700E90AE5 /* ProfileView.swift */ = {isa = PBXFileReference; lastKnownFileType = sourcecode.swift; path = ProfileView.swift; sourceTree = "<group>"; };
		F44985662B40459300E90AE5 /* SavedView.swift */ = {isa = PBXFileReference; lastKnownFileType = sourcecode.swift; path = SavedView.swift; sourceTree = "<group>"; };
		F44985682B4045D400E90AE5 /* SingleNewsView.swift */ = {isa = PBXFileReference; lastKnownFileType = sourcecode.swift; path = SingleNewsView.swift; sourceTree = "<group>"; };
		F449856A2B40480500E90AE5 /* CodeView.swift */ = {isa = PBXFileReference; lastKnownFileType = sourcecode.swift; path = CodeView.swift; sourceTree = "<group>"; };
		F449856C2B40484300E90AE5 /* CodeSchema.swift */ = {isa = PBXFileReference; lastKnownFileType = sourcecode.swift; path = CodeSchema.swift; sourceTree = "<group>"; };
		F449856E2B40489700E90AE5 /* MessageView.swift */ = {isa = PBXFileReference; lastKnownFileType = sourcecode.swift; path = MessageView.swift; sourceTree = "<group>"; };
		F44985702B4048BF00E90AE5 /* MessagePostSchema.swift */ = {isa = PBXFileReference; lastKnownFileType = sourcecode.swift; path = MessagePostSchema.swift; sourceTree = "<group>"; };
		F44985722B4064D400E90AE5 /* PreferencesView.swift */ = {isa = PBXFileReference; lastKnownFileType = sourcecode.swift; path = PreferencesView.swift; sourceTree = "<group>"; };
		F44985742B4064FE00E90AE5 /* CategorySchema.swift */ = {isa = PBXFileReference; lastKnownFileType = sourcecode.swift; path = CategorySchema.swift; sourceTree = "<group>"; };
		F476EA272B4A0849003CD2F4 /* SharedNewsView.swift */ = {isa = PBXFileReference; lastKnownFileType = sourcecode.swift; path = SharedNewsView.swift; sourceTree = "<group>"; };
		F48DF1E82B458F1D0058F17B /* SharedPostSchema.swift */ = {isa = PBXFileReference; lastKnownFileType = sourcecode.swift; path = SharedPostSchema.swift; sourceTree = "<group>"; };
		F4A8A1752B442ED900C747F2 /* MessageModel.swift */ = {isa = PBXFileReference; lastKnownFileType = sourcecode.swift; path = MessageModel.swift; sourceTree = "<group>"; };
		F4A8A1772B44325F00C747F2 /* MessageSchema.swift */ = {isa = PBXFileReference; lastKnownFileType = sourcecode.swift; path = MessageSchema.swift; sourceTree = "<group>"; };
		F4BD39052B44A9F000EDBEAE /* ScannerView.swift */ = {isa = PBXFileReference; lastKnownFileType = sourcecode.swift; path = ScannerView.swift; sourceTree = "<group>"; };
/* End PBXFileReference section */

/* Begin PBXFrameworksBuildPhase section */
		F44985392B401AC300E90AE5 /* Frameworks */ = {
			isa = PBXFrameworksBuildPhase;
			buildActionMask = 2147483647;
			files = (
			);
			runOnlyForDeploymentPostprocessing = 0;
		};
/* End PBXFrameworksBuildPhase section */

/* Begin PBXGroup section */
		F44985332B401AC300E90AE5 = {
			isa = PBXGroup;
			children = (
				F449853E2B401AC300E90AE5 /* SwiftNews */,
				F449853D2B401AC300E90AE5 /* Products */,
			);
			sourceTree = "<group>";
		};
		F449853D2B401AC300E90AE5 /* Products */ = {
			isa = PBXGroup;
			children = (
				F449853C2B401AC300E90AE5 /* SwiftNews.app */,
			);
			name = Products;
			sourceTree = "<group>";
		};
		F449853E2B401AC300E90AE5 /* SwiftNews */ = {
			isa = PBXGroup;
			children = (
				F44985572B401D4B00E90AE5 /* Schemas */,
				F449854D2B401AEB00E90AE5 /* Models */,
				F44985542B401C4700E90AE5 /* Views */,
				F449853F2B401AC300E90AE5 /* SwiftNewsApp.swift */,
				F449855A2B401DC400E90AE5 /* APIManager.swift */,
				F44985432B401AC500E90AE5 /* Assets.xcassets */,
				F44985452B401AC500E90AE5 /* Preview Content */,
			);
			path = SwiftNews;
			sourceTree = "<group>";
		};
		F44985452B401AC500E90AE5 /* Preview Content */ = {
			isa = PBXGroup;
			children = (
				F44985462B401AC500E90AE5 /* Preview Assets.xcassets */,
			);
			path = "Preview Content";
			sourceTree = "<group>";
		};
		F449854D2B401AEB00E90AE5 /* Models */ = {
			isa = PBXGroup;
			children = (
				F44985502B401B5900E90AE5 /* ConfigModel.swift */,
				F449854E2B401B0C00E90AE5 /* UserModel.swift */,
				F44985522B401B9700E90AE5 /* NewsModel.swift */,
				F4A8A1752B442ED900C747F2 /* MessageModel.swift */,
			);
			path = Models;
			sourceTree = "<group>";
		};
		F44985542B401C4700E90AE5 /* Views */ = {
			isa = PBXGroup;
			children = (
				F44985552B401C6000E90AE5 /* SplashView.swift */,
				F476EA272B4A0849003CD2F4 /* SharedNewsView.swift */,
				F44985622B40339100E90AE5 /* NewsView.swift */,
				F44985642B403A9700E90AE5 /* ProfileView.swift */,
				F44985662B40459300E90AE5 /* SavedView.swift */,
				F44985682B4045D400E90AE5 /* SingleNewsView.swift */,
				F44985722B4064D400E90AE5 /* PreferencesView.swift */,
				F449856A2B40480500E90AE5 /* CodeView.swift */,
				F4BD39052B44A9F000EDBEAE /* ScannerView.swift */,
				F449856E2B40489700E90AE5 /* MessageView.swift */,
			);
			path = Views;
			sourceTree = "<group>";
		};
		F44985572B401D4B00E90AE5 /* Schemas */ = {
			isa = PBXGroup;
			children = (
				F449855C2B401F2200E90AE5 /* ConfigSchema.swift */,
				F44985582B401D7000E90AE5 /* UserSchema.swift */,
				F44985602B401FB700E90AE5 /* NewsPostSchema.swift */,
				F449855E2B401F6A00E90AE5 /* NewsSchema.swift */,
				F48DF1E82B458F1D0058F17B /* SharedPostSchema.swift */,
				F44985742B4064FE00E90AE5 /* CategorySchema.swift */,
				F449856C2B40484300E90AE5 /* CodeSchema.swift */,
				F44985702B4048BF00E90AE5 /* MessagePostSchema.swift */,
				F4A8A1772B44325F00C747F2 /* MessageSchema.swift */,
			);
			path = Schemas;
			sourceTree = "<group>";
		};
/* End PBXGroup section */

/* Begin PBXNativeTarget section */
		F449853B2B401AC300E90AE5 /* SwiftNews */ = {
			isa = PBXNativeTarget;
			buildConfigurationList = F449854A2B401AC500E90AE5 /* Build configuration list for PBXNativeTarget "SwiftNews" */;
			buildPhases = (
				F44985382B401AC300E90AE5 /* Sources */,
				F44985392B401AC300E90AE5 /* Frameworks */,
				F449853A2B401AC300E90AE5 /* Resources */,
			);
			buildRules = (
			);
			dependencies = (
			);
			name = SwiftNews;
			productName = SwiftNews;
			productReference = F449853C2B401AC300E90AE5 /* SwiftNews.app */;
			productType = "com.apple.product-type.application";
		};
/* End PBXNativeTarget section */

/* Begin PBXProject section */
		F44985342B401AC300E90AE5 /* Project object */ = {
			isa = PBXProject;
			attributes = {
				BuildIndependentTargetsInParallel = 1;
				LastSwiftUpdateCheck = 1500;
				LastUpgradeCheck = 1500;
				TargetAttributes = {
					F449853B2B401AC300E90AE5 = {
						CreatedOnToolsVersion = 15.0.1;
					};
				};
			};
			buildConfigurationList = F44985372B401AC300E90AE5 /* Build configuration list for PBXProject "SwiftNews" */;
			compatibilityVersion = "Xcode 14.0";
			developmentRegion = en;
			hasScannedForEncodings = 0;
			knownRegions = (
				en,
				Base,
			);
			mainGroup = F44985332B401AC300E90AE5;
			productRefGroup = F449853D2B401AC300E90AE5 /* Products */;
			projectDirPath = "";
			projectRoot = "";
			targets = (
				F449853B2B401AC300E90AE5 /* SwiftNews */,
			);
		};
/* End PBXProject section */

/* Begin PBXResourcesBuildPhase section */
		F449853A2B401AC300E90AE5 /* Resources */ = {
			isa = PBXResourcesBuildPhase;
			buildActionMask = 2147483647;
			files = (
				F44985472B401AC500E90AE5 /* Preview Assets.xcassets in Resources */,
				F44985442B401AC500E90AE5 /* Assets.xcassets in Resources */,
			);
			runOnlyForDeploymentPostprocessing = 0;
		};
/* End PBXResourcesBuildPhase section */

/* Begin PBXSourcesBuildPhase section */
		F44985382B401AC300E90AE5 /* Sources */ = {
			isa = PBXSourcesBuildPhase;
			buildActionMask = 2147483647;
			files = (
				F476EA282B4A0849003CD2F4 /* SharedNewsView.swift in Sources */,
				F449855B2B401DC400E90AE5 /* APIManager.swift in Sources */,
				F44985652B403A9700E90AE5 /* ProfileView.swift in Sources */,
				F44985592B401D7000E90AE5 /* UserSchema.swift in Sources */,
				F449855F2B401F6A00E90AE5 /* NewsSchema.swift in Sources */,
				F44985732B4064D400E90AE5 /* PreferencesView.swift in Sources */,
				F449855D2B401F2200E90AE5 /* ConfigSchema.swift in Sources */,
				F449854F2B401B0C00E90AE5 /* UserModel.swift in Sources */,
				F44985402B401AC300E90AE5 /* SwiftNewsApp.swift in Sources */,
				F4BD39062B44A9F000EDBEAE /* ScannerView.swift in Sources */,
				F44985512B401B5900E90AE5 /* ConfigModel.swift in Sources */,
				F44985672B40459300E90AE5 /* SavedView.swift in Sources */,
				F449856D2B40484300E90AE5 /* CodeSchema.swift in Sources */,
				F44985712B4048BF00E90AE5 /* MessagePostSchema.swift in Sources */,
				F44985532B401B9700E90AE5 /* NewsModel.swift in Sources */,
				F449856F2B40489700E90AE5 /* MessageView.swift in Sources */,
				F48DF1E92B458F1D0058F17B /* SharedPostSchema.swift in Sources */,
				F44985632B40339100E90AE5 /* NewsView.swift in Sources */,
				F44985562B401C6000E90AE5 /* SplashView.swift in Sources */,
				F44985612B401FB700E90AE5 /* NewsPostSchema.swift in Sources */,
				F44985692B4045D400E90AE5 /* SingleNewsView.swift in Sources */,
				F4A8A1762B442ED900C747F2 /* MessageModel.swift in Sources */,
				F4A8A1782B44325F00C747F2 /* MessageSchema.swift in Sources */,
				F44985752B4064FE00E90AE5 /* CategorySchema.swift in Sources */,
				F449856B2B40480500E90AE5 /* CodeView.swift in Sources */,
			);
			runOnlyForDeploymentPostprocessing = 0;
		};
/* End PBXSourcesBuildPhase section */

/* Begin XCBuildConfiguration section */
		F44985482B401AC500E90AE5 /* Debug */ = {
			isa = XCBuildConfiguration;
			buildSettings = {
				ALWAYS_SEARCH_USER_PATHS = NO;
				ASSETCATALOG_COMPILER_GENERATE_SWIFT_ASSET_SYMBOL_EXTENSIONS = YES;
				CLANG_ANALYZER_NONNULL = YES;
				CLANG_ANALYZER_NUMBER_OBJECT_CONVERSION = YES_AGGRESSIVE;
				CLANG_CXX_LANGUAGE_STANDARD = "gnu++20";
				CLANG_ENABLE_MODULES = YES;
				CLANG_ENABLE_OBJC_ARC = YES;
				CLANG_ENABLE_OBJC_WEAK = YES;
				CLANG_WARN_BLOCK_CAPTURE_AUTORELEASING = YES;
				CLANG_WARN_BOOL_CONVERSION = YES;
				CLANG_WARN_COMMA = YES;
				CLANG_WARN_CONSTANT_CONVERSION = YES;
				CLANG_WARN_DEPRECATED_OBJC_IMPLEMENTATIONS = YES;
				CLANG_WARN_DIRECT_OBJC_ISA_USAGE = YES_ERROR;
				CLANG_WARN_DOCUMENTATION_COMMENTS = YES;
				CLANG_WARN_EMPTY_BODY = YES;
				CLANG_WARN_ENUM_CONVERSION = YES;
				CLANG_WARN_INFINITE_RECURSION = YES;
				CLANG_WARN_INT_CONVERSION = YES;
				CLANG_WARN_NON_LITERAL_NULL_CONVERSION = YES;
				CLANG_WARN_OBJC_IMPLICIT_RETAIN_SELF = YES;
				CLANG_WARN_OBJC_LITERAL_CONVERSION = YES;
				CLANG_WARN_OBJC_ROOT_CLASS = YES_ERROR;
				CLANG_WARN_QUOTED_INCLUDE_IN_FRAMEWORK_HEADER = YES;
				CLANG_WARN_RANGE_LOOP_ANALYSIS = YES;
				CLANG_WARN_STRICT_PROTOTYPES = YES;
				CLANG_WARN_SUSPICIOUS_MOVE = YES;
				CLANG_WARN_UNGUARDED_AVAILABILITY = YES_AGGRESSIVE;
				CLANG_WARN_UNREACHABLE_CODE = YES;
				CLANG_WARN__DUPLICATE_METHOD_MATCH = YES;
				COPY_PHASE_STRIP = NO;
				DEBUG_INFORMATION_FORMAT = dwarf;
				ENABLE_STRICT_OBJC_MSGSEND = YES;
				ENABLE_TESTABILITY = YES;
				ENABLE_USER_SCRIPT_SANDBOXING = YES;
				GCC_C_LANGUAGE_STANDARD = gnu17;
				GCC_DYNAMIC_NO_PIC = NO;
				GCC_NO_COMMON_BLOCKS = YES;
				GCC_OPTIMIZATION_LEVEL = 0;
				GCC_PREPROCESSOR_DEFINITIONS = (
					"DEBUG=1",
					"$(inherited)",
				);
				GCC_WARN_64_TO_32_BIT_CONVERSION = YES;
				GCC_WARN_ABOUT_RETURN_TYPE = YES_ERROR;
				GCC_WARN_UNDECLARED_SELECTOR = YES;
				GCC_WARN_UNINITIALIZED_AUTOS = YES_AGGRESSIVE;
				GCC_WARN_UNUSED_FUNCTION = YES;
				GCC_WARN_UNUSED_VARIABLE = YES;
				IPHONEOS_DEPLOYMENT_TARGET = 17.0;
				LOCALIZATION_PREFERS_STRING_CATALOGS = YES;
				MTL_ENABLE_DEBUG_INFO = INCLUDE_SOURCE;
				MTL_FAST_MATH = YES;
				ONLY_ACTIVE_ARCH = YES;
				SDKROOT = iphoneos;
				SWIFT_ACTIVE_COMPILATION_CONDITIONS = "DEBUG $(inherited)";
				SWIFT_OPTIMIZATION_LEVEL = "-Onone";
			};
			name = Debug;
		};
		F44985492B401AC500E90AE5 /* Release */ = {
			isa = XCBuildConfiguration;
			buildSettings = {
				ALWAYS_SEARCH_USER_PATHS = NO;
				ASSETCATALOG_COMPILER_GENERATE_SWIFT_ASSET_SYMBOL_EXTENSIONS = YES;
				CLANG_ANALYZER_NONNULL = YES;
				CLANG_ANALYZER_NUMBER_OBJECT_CONVERSION = YES_AGGRESSIVE;
				CLANG_CXX_LANGUAGE_STANDARD = "gnu++20";
				CLANG_ENABLE_MODULES = YES;
				CLANG_ENABLE_OBJC_ARC = YES;
				CLANG_ENABLE_OBJC_WEAK = YES;
				CLANG_WARN_BLOCK_CAPTURE_AUTORELEASING = YES;
				CLANG_WARN_BOOL_CONVERSION = YES;
				CLANG_WARN_COMMA = YES;
				CLANG_WARN_CONSTANT_CONVERSION = YES;
				CLANG_WARN_DEPRECATED_OBJC_IMPLEMENTATIONS = YES;
				CLANG_WARN_DIRECT_OBJC_ISA_USAGE = YES_ERROR;
				CLANG_WARN_DOCUMENTATION_COMMENTS = YES;
				CLANG_WARN_EMPTY_BODY = YES;
				CLANG_WARN_ENUM_CONVERSION = YES;
				CLANG_WARN_INFINITE_RECURSION = YES;
				CLANG_WARN_INT_CONVERSION = YES;
				CLANG_WARN_NON_LITERAL_NULL_CONVERSION = YES;
				CLANG_WARN_OBJC_IMPLICIT_RETAIN_SELF = YES;
				CLANG_WARN_OBJC_LITERAL_CONVERSION = YES;
				CLANG_WARN_OBJC_ROOT_CLASS = YES_ERROR;
				CLANG_WARN_QUOTED_INCLUDE_IN_FRAMEWORK_HEADER = YES;
				CLANG_WARN_RANGE_LOOP_ANALYSIS = YES;
				CLANG_WARN_STRICT_PROTOTYPES = YES;
				CLANG_WARN_SUSPICIOUS_MOVE = YES;
				CLANG_WARN_UNGUARDED_AVAILABILITY = YES_AGGRESSIVE;
				CLANG_WARN_UNREACHABLE_CODE = YES;
				CLANG_WARN__DUPLICATE_METHOD_MATCH = YES;
				COPY_PHASE_STRIP = NO;
				DEBUG_INFORMATION_FORMAT = "dwarf-with-dsym";
				ENABLE_NS_ASSERTIONS = NO;
				ENABLE_STRICT_OBJC_MSGSEND = YES;
				ENABLE_USER_SCRIPT_SANDBOXING = YES;
				GCC_C_LANGUAGE_STANDARD = gnu17;
				GCC_NO_COMMON_BLOCKS = YES;
				GCC_WARN_64_TO_32_BIT_CONVERSION = YES;
				GCC_WARN_ABOUT_RETURN_TYPE = YES_ERROR;
				GCC_WARN_UNDECLARED_SELECTOR = YES;
				GCC_WARN_UNINITIALIZED_AUTOS = YES_AGGRESSIVE;
				GCC_WARN_UNUSED_FUNCTION = YES;
				GCC_WARN_UNUSED_VARIABLE = YES;
				IPHONEOS_DEPLOYMENT_TARGET = 17.0;
				LOCALIZATION_PREFERS_STRING_CATALOGS = YES;
				MTL_ENABLE_DEBUG_INFO = NO;
				MTL_FAST_MATH = YES;
				SDKROOT = iphoneos;
				SWIFT_COMPILATION_MODE = wholemodule;
				VALIDATE_PRODUCT = YES;
			};
			name = Release;
		};
		F449854B2B401AC500E90AE5 /* Debug */ = {
			isa = XCBuildConfiguration;
			buildSettings = {
				ASSETCATALOG_COMPILER_APPICON_NAME = AppIcon;
				ASSETCATALOG_COMPILER_GLOBAL_ACCENT_COLOR_NAME = AccentColor;
				CODE_SIGN_STYLE = Automatic;
				CURRENT_PROJECT_VERSION = 1;
				DEVELOPMENT_ASSET_PATHS = "\"SwiftNews/Preview Content\"";
				DEVELOPMENT_TEAM = 5SN363KVU4;
				ENABLE_PREVIEWS = YES;
				GENERATE_INFOPLIST_FILE = YES;
				INFOPLIST_FILE = SwiftNews/Info.plist;
				INFOPLIST_KEY_NSCameraUsageDescription = "Use your camera to scan QR code";
				INFOPLIST_KEY_UIApplicationSceneManifest_Generation = YES;
				INFOPLIST_KEY_UIApplicationSupportsIndirectInputEvents = YES;
				INFOPLIST_KEY_UILaunchScreen_Generation = YES;
				INFOPLIST_KEY_UISupportedInterfaceOrientations_iPad = "UIInterfaceOrientationPortrait UIInterfaceOrientationPortraitUpsideDown UIInterfaceOrientationLandscapeLeft UIInterfaceOrientationLandscapeRight";
				INFOPLIST_KEY_UISupportedInterfaceOrientations_iPhone = "UIInterfaceOrientationPortrait UIInterfaceOrientationLandscapeLeft UIInterfaceOrientationLandscapeRight";
				LD_RUNPATH_SEARCH_PATHS = (
					"$(inherited)",
					"@executable_path/Frameworks",
				);
				MARKETING_VERSION = 1.0;
				PRODUCT_BUNDLE_IDENTIFIER = bubiasz.SwiftNews;
				PRODUCT_NAME = "$(TARGET_NAME)";
				SWIFT_EMIT_LOC_STRINGS = YES;
				SWIFT_VERSION = 5.0;
				TARGETED_DEVICE_FAMILY = "1,2";
			};
			name = Debug;
		};
		F449854C2B401AC500E90AE5 /* Release */ = {
			isa = XCBuildConfiguration;
			buildSettings = {
				ASSETCATALOG_COMPILER_APPICON_NAME = AppIcon;
				ASSETCATALOG_COMPILER_GLOBAL_ACCENT_COLOR_NAME = AccentColor;
				CODE_SIGN_STYLE = Automatic;
				CURRENT_PROJECT_VERSION = 1;
				DEVELOPMENT_ASSET_PATHS = "\"SwiftNews/Preview Content\"";
				DEVELOPMENT_TEAM = 5SN363KVU4;
				ENABLE_PREVIEWS = YES;
				GENERATE_INFOPLIST_FILE = YES;
				INFOPLIST_FILE = SwiftNews/Info.plist;
				INFOPLIST_KEY_NSCameraUsageDescription = "Use your camera to scan QR code";
				INFOPLIST_KEY_UIApplicationSceneManifest_Generation = YES;
				INFOPLIST_KEY_UIApplicationSupportsIndirectInputEvents = YES;
				INFOPLIST_KEY_UILaunchScreen_Generation = YES;
				INFOPLIST_KEY_UISupportedInterfaceOrientations_iPad = "UIInterfaceOrientationPortrait UIInterfaceOrientationPortraitUpsideDown UIInterfaceOrientationLandscapeLeft UIInterfaceOrientationLandscapeRight";
				INFOPLIST_KEY_UISupportedInterfaceOrientations_iPhone = "UIInterfaceOrientationPortrait UIInterfaceOrientationLandscapeLeft UIInterfaceOrientationLandscapeRight";
				LD_RUNPATH_SEARCH_PATHS = (
					"$(inherited)",
					"@executable_path/Frameworks",
				);
				MARKETING_VERSION = 1.0;
				PRODUCT_BUNDLE_IDENTIFIER = bubiasz.SwiftNews;
				PRODUCT_NAME = "$(TARGET_NAME)";
				SWIFT_EMIT_LOC_STRINGS = YES;
				SWIFT_VERSION = 5.0;
				TARGETED_DEVICE_FAMILY = "1,2";
			};
			name = Release;
		};
/* End XCBuildConfiguration section */

/* Begin XCConfigurationList section */
		F44985372B401AC300E90AE5 /* Build configuration list for PBXProject "SwiftNews" */ = {
			isa = XCConfigurationList;
			buildConfigurations = (
				F44985482B401AC500E90AE5 /* Debug */,
				F44985492B401AC500E90AE5 /* Release */,
			);
			defaultConfigurationIsVisible = 0;
			defaultConfigurationName = Release;
		};
		F449854A2B401AC500E90AE5 /* Build configuration list for PBXNativeTarget "SwiftNews" */ = {
			isa = XCConfigurationList;
			buildConfigurations = (
				F449854B2B401AC500E90AE5 /* Debug */,
				F449854C2B401AC500E90AE5 /* Release */,
			);
			defaultConfigurationIsVisible = 0;
			defaultConfigurationName = Release;
		};
/* End XCConfigurationList section */
	};
	rootObject = F44985342B401AC300E90AE5 /* Project object */;
}
